// !$*UTF8*$!
{
	archiveVersion = 1;
	classes = {
	};
	objectVersion = 46;
	objects = {

/* Begin PBXBuildFile section */
		9F049E531A1406020083A6D1 /* main.m in Sources */ = {isa = PBXBuildFile; fileRef = 9F049E521A1406020083A6D1 /* main.m */; };
		9F049E561A1406020083A6D1 /* AppDelegate.m in Sources */ = {isa = PBXBuildFile; fileRef = 9F049E551A1406020083A6D1 /* AppDelegate.m */; };
		9F049E591A1406020083A6D1 /* TableViewController.m in Sources */ = {isa = PBXBuildFile; fileRef = 9F049E581A1406020083A6D1 /* TableViewController.m */; };
		9F049E611A1406020083A6D1 /* LaunchScreen.xib in Resources */ = {isa = PBXBuildFile; fileRef = 9F049E5F1A1406020083A6D1 /* LaunchScreen.xib */; };
		9F049E6D1A1406020083A6D1 /* ADBarButtonFactoryTests.m in Sources */ = {isa = PBXBuildFile; fileRef = 9F049E6C1A1406020083A6D1 /* ADBarButtonFactoryTests.m */; };
		9F049E791A1406810083A6D1 /* ADBarButtonFactory.m in Sources */ = {isa = PBXBuildFile; fileRef = 9F049E781A1406810083A6D1 /* ADBarButtonFactory.m */; };
/* End PBXBuildFile section */

/* Begin PBXContainerItemProxy section */
		9F049E671A1406020083A6D1 /* PBXContainerItemProxy */ = {
			isa = PBXContainerItemProxy;
			containerPortal = 9F049E451A1406020083A6D1 /* Project object */;
			proxyType = 1;
			remoteGlobalIDString = 9F049E4C1A1406020083A6D1;
			remoteInfo = ADBarButtonFactory;
		};
/* End PBXContainerItemProxy section */

/* Begin PBXFileReference section */
		9F049E4D1A1406020083A6D1 /* ADBarButtonFactory.app */ = {isa = PBXFileReference; explicitFileType = wrapper.application; includeInIndex = 0; path = ADBarButtonFactory.app; sourceTree = BUILT_PRODUCTS_DIR; };
		9F049E511A1406020083A6D1 /* Info.plist */ = {isa = PBXFileReference; lastKnownFileType = text.plist.xml; path = Info.plist; sourceTree = "<group>"; };
		9F049E521A1406020083A6D1 /* main.m */ = {isa = PBXFileReference; lastKnownFileType = sourcecode.c.objc; path = main.m; sourceTree = "<group>"; };
		9F049E541A1406020083A6D1 /* AppDelegate.h */ = {isa = PBXFileReference; lastKnownFileType = sourcecode.c.h; path = AppDelegate.h; sourceTree = "<group>"; };
		9F049E551A1406020083A6D1 /* AppDelegate.m */ = {isa = PBXFileReference; lastKnownFileType = sourcecode.c.objc; path = AppDelegate.m; sourceTree = "<group>"; };
		9F049E571A1406020083A6D1 /* TableViewController.h */ = {isa = PBXFileReference; lastKnownFileType = sourcecode.c.h; path = TableViewController.h; sourceTree = "<group>"; };
		9F049E581A1406020083A6D1 /* TableViewController.m */ = {isa = PBXFileReference; lastKnownFileType = sourcecode.c.objc; path = TableViewController.m; sourceTree = "<group>"; };
		9F049E601A1406020083A6D1 /* Base */ = {isa = PBXFileReference; lastKnownFileType = file.xib; name = Base; path = Base.lproj/LaunchScreen.xib; sourceTree = "<group>"; };
		9F049E661A1406020083A6D1 /* ADBarButtonFactoryTests.xctest */ = {isa = PBXFileReference; explicitFileType = wrapper.cfbundle; includeInIndex = 0; path = ADBarButtonFactoryTests.xctest; sourceTree = BUILT_PRODUCTS_DIR; };
		9F049E6B1A1406020083A6D1 /* Info.plist */ = {isa = PBXFileReference; lastKnownFileType = text.plist.xml; path = Info.plist; sourceTree = "<group>"; };
		9F049E6C1A1406020083A6D1 /* ADBarButtonFactoryTests.m */ = {isa = PBXFileReference; lastKnownFileType = sourcecode.c.objc; path = ADBarButtonFactoryTests.m; sourceTree = "<group>"; };
		9F049E771A1406810083A6D1 /* ADBarButtonFactory.h */ = {isa = PBXFileReference; fileEncoding = 4; lastKnownFileType = sourcecode.c.h; path = ADBarButtonFactory.h; sourceTree = "<group>"; };
		9F049E781A1406810083A6D1 /* ADBarButtonFactory.m */ = {isa = PBXFileReference; fileEncoding = 4; lastKnownFileType = sourcecode.c.objc; path = ADBarButtonFactory.m; sourceTree = "<group>"; };
/* End PBXFileReference section */

/* Begin PBXFrameworksBuildPhase section */
		9F049E4A1A1406020083A6D1 /* Frameworks */ = {
			isa = PBXFrameworksBuildPhase;
			buildActionMask = 2147483647;
			files = (
			);
			runOnlyForDeploymentPostprocessing = 0;
		};
		9F049E631A1406020083A6D1 /* Frameworks */ = {
			isa = PBXFrameworksBuildPhase;
			buildActionMask = 2147483647;
			files = (
			);
			runOnlyForDeploymentPostprocessing = 0;
		};
/* End PBXFrameworksBuildPhase section */

/* Begin PBXGroup section */
		9F049E441A1406020083A6D1 = {
			isa = PBXGroup;
			children = (
				9F049E4F1A1406020083A6D1 /* ADBarButtonFactory */,
				9F049E691A1406020083A6D1 /* ADBarButtonFactoryTests */,
				9F049E4E1A1406020083A6D1 /* Products */,
			);
			sourceTree = "<group>";
		};
		9F049E4E1A1406020083A6D1 /* Products */ = {
			isa = PBXGroup;
			children = (
				9F049E4D1A1406020083A6D1 /* ADBarButtonFactory.app */,
				9F049E661A1406020083A6D1 /* ADBarButtonFactoryTests.xctest */,
			);
			name = Products;
			sourceTree = "<group>";
		};
		9F049E4F1A1406020083A6D1 /* ADBarButtonFactory */ = {
			isa = PBXGroup;
			children = (
				9F049E761A1406730083A6D1 /* Classes */,
				9F049E541A1406020083A6D1 /* AppDelegate.h */,
				9F049E551A1406020083A6D1 /* AppDelegate.m */,
				9F049E571A1406020083A6D1 /* TableViewController.h */,
				9F049E581A1406020083A6D1 /* TableViewController.m */,
				9F049E5F1A1406020083A6D1 /* LaunchScreen.xib */,
				9F049E501A1406020083A6D1 /* Supporting Files */,
			);
			path = ADBarButtonFactory;
			sourceTree = "<group>";
		};
		9F049E501A1406020083A6D1 /* Supporting Files */ = {
			isa = PBXGroup;
			children = (
				9F049E511A1406020083A6D1 /* Info.plist */,
				9F049E521A1406020083A6D1 /* main.m */,
			);
			name = "Supporting Files";
			sourceTree = "<group>";
		};
		9F049E691A1406020083A6D1 /* ADBarButtonFactoryTests */ = {
			isa = PBXGroup;
			children = (
				9F049E6C1A1406020083A6D1 /* ADBarButtonFactoryTests.m */,
				9F049E6A1A1406020083A6D1 /* Supporting Files */,
			);
			path = ADBarButtonFactoryTests;
			sourceTree = "<group>";
		};
		9F049E6A1A1406020083A6D1 /* Supporting Files */ = {
			isa = PBXGroup;
			children = (
				9F049E6B1A1406020083A6D1 /* Info.plist */,
			);
			name = "Supporting Files";
			sourceTree = "<group>";
		};
		9F049E761A1406730083A6D1 /* Classes */ = {
			isa = PBXGroup;
			children = (
				9F049E771A1406810083A6D1 /* ADBarButtonFactory.h */,
				9F049E781A1406810083A6D1 /* ADBarButtonFactory.m */,
			);
			name = Classes;
			sourceTree = "<group>";
		};
/* End PBXGroup section */

/* Begin PBXNativeTarget section */
		9F049E4C1A1406020083A6D1 /* ADBarButtonFactory */ = {
			isa = PBXNativeTarget;
			buildConfigurationList = 9F049E701A1406020083A6D1 /* Build configuration list for PBXNativeTarget "ADBarButtonFactory" */;
			buildPhases = (
				9F049E491A1406020083A6D1 /* Sources */,
				9F049E4A1A1406020083A6D1 /* Frameworks */,
				9F049E4B1A1406020083A6D1 /* Resources */,
			);
			buildRules = (
			);
			dependencies = (
			);
			name = ADBarButtonFactory;
			productName = ADBarButtonFactory;
			productReference = 9F049E4D1A1406020083A6D1 /* ADBarButtonFactory.app */;
			productType = "com.apple.product-type.application";
		};
		9F049E651A1406020083A6D1 /* ADBarButtonFactoryTests */ = {
			isa = PBXNativeTarget;
			buildConfigurationList = 9F049E731A1406020083A6D1 /* Build configuration list for PBXNativeTarget "ADBarButtonFactoryTests" */;
			buildPhases = (
				9F049E621A1406020083A6D1 /* Sources */,
				9F049E631A1406020083A6D1 /* Frameworks */,
				9F049E641A1406020083A6D1 /* Resources */,
			);
			buildRules = (
			);
			dependencies = (
				9F049E681A1406020083A6D1 /* PBXTargetDependency */,
			);
			name = ADBarButtonFactoryTests;
			productName = ADBarButtonFactoryTests;
			productReference = 9F049E661A1406020083A6D1 /* ADBarButtonFactoryTests.xctest */;
			productType = "com.apple.product-type.bundle.unit-test";
		};
/* End PBXNativeTarget section */

/* Begin PBXProject section */
		9F049E451A1406020083A6D1 /* Project object */ = {
			isa = PBXProject;
			attributes = {
				LastUpgradeCheck = 0610;
				ORGANIZATIONNAME = "Andrew Drozdov";
				TargetAttributes = {
					9F049E4C1A1406020083A6D1 = {
						CreatedOnToolsVersion = 6.1;
					};
					9F049E651A1406020083A6D1 = {
						CreatedOnToolsVersion = 6.1;
						TestTargetID = 9F049E4C1A1406020083A6D1;
					};
				};
			};
			buildConfigurationList = 9F049E481A1406020083A6D1 /* Build configuration list for PBXProject "ADBarButtonFactory" */;
			compatibilityVersion = "Xcode 3.2";
			developmentRegion = English;
			hasScannedForEncodings = 0;
			knownRegions = (
				en,
				Base,
			);
			mainGroup = 9F049E441A1406020083A6D1;
			productRefGroup = 9F049E4E1A1406020083A6D1 /* Products */;
			projectDirPath = "";
			projectRoot = "";
			targets = (
				9F049E4C1A1406020083A6D1 /* ADBarButtonFactory */,
				9F049E651A1406020083A6D1 /* ADBarButtonFactoryTests */,
			);
		};
/* End PBXProject section */

/* Begin PBXResourcesBuildPhase section */
		9F049E4B1A1406020083A6D1 /* Resources */ = {
			isa = PBXResourcesBuildPhase;
			buildActionMask = 2147483647;
			files = (
				9F049E611A1406020083A6D1 /* LaunchScreen.xib in Resources */,
			);
			runOnlyForDeploymentPostprocessing = 0;
		};
		9F049E641A1406020083A6D1 /* Resources */ = {
			isa = PBXResourcesBuildPhase;
			buildActionMask = 2147483647;
			files = (
			);
			runOnlyForDeploymentPostprocessing = 0;
		};
/* End PBXResourcesBuildPhase section */

/* Begin PBXSourcesBuildPhase section */
		9F049E491A1406020083A6D1 /* Sources */ = {
			isa = PBXSourcesBuildPhase;
			buildActionMask = 2147483647;
			files = (
				9F049E791A1406810083A6D1 /* ADBarButtonFactory.m in Sources */,
				9F049E591A1406020083A6D1 /* TableViewController.m in Sources */,
				9F049E561A1406020083A6D1 /* AppDelegate.m in Sources */,
				9F049E531A1406020083A6D1 /* main.m in Sources */,
			);
			runOnlyForDeploymentPostprocessing = 0;
		};
		9F049E621A1406020083A6D1 /* Sources */ = {
			isa = PBXSourcesBuildPhase;
			buildActionMask = 2147483647;
			files = (
				9F049E6D1A1406020083A6D1 /* ADBarButtonFactoryTests.m in Sources */,
			);
			runOnlyForDeploymentPostprocessing = 0;
		};
/* End PBXSourcesBuildPhase section */

/* Begin PBXTargetDependency section */
		9F049E681A1406020083A6D1 /* PBXTargetDependency */ = {
			isa = PBXTargetDependency;
			target = 9F049E4C1A1406020083A6D1 /* ADBarButtonFactory */;
			targetProxy = 9F049E671A1406020083A6D1 /* PBXContainerItemProxy */;
		};
/* End PBXTargetDependency section */

/* Begin PBXVariantGroup section */
		9F049E5F1A1406020083A6D1 /* LaunchScreen.xib */ = {
			isa = PBXVariantGroup;
			children = (
				9F049E601A1406020083A6D1 /* Base */,
			);
			name = LaunchScreen.xib;
			sourceTree = "<group>";
		};
/* End PBXVariantGroup section */

/* Begin XCBuildConfiguration section */
		9F049E6E1A1406020083A6D1 /* Debug */ = {
			isa = XCBuildConfiguration;
			buildSettings = {
				ALWAYS_SEARCH_USER_PATHS = NO;
				CLANG_CXX_LANGUAGE_STANDARD = "gnu++0x";
				CLANG_CXX_LIBRARY = "libc++";
				CLANG_ENABLE_MODULES = YES;
				CLANG_ENABLE_OBJC_ARC = YES;
				CLANG_WARN_BOOL_CONVERSION = YES;
				CLANG_WARN_CONSTANT_CONVERSION = YES;
				CLANG_WARN_DIRECT_OBJC_ISA_USAGE = YES_ERROR;
				CLANG_WARN_EMPTY_BODY = YES;
				CLANG_WARN_ENUM_CONVERSION = YES;
				CLANG_WARN_INT_CONVERSION = YES;
				CLANG_WARN_OBJC_ROOT_CLASS = YES_ERROR;
				CLANG_WARN_UNREACHABLE_CODE = YES;
				CLANG_WARN__DUPLICATE_METHOD_MATCH = YES;
				"CODE_SIGN_IDENTITY[sdk=iphoneos*]" = "iPhone Developer";
				COPY_PHASE_STRIP = NO;
				ENABLE_STRICT_OBJC_MSGSEND = YES;
				GCC_C_LANGUAGE_STANDARD = gnu99;
				GCC_DYNAMIC_NO_PIC = NO;
				GCC_OPTIMIZATION_LEVEL = 0;
				GCC_PREPROCESSOR_DEFINITIONS = (
					"DEBUG=1",
					"$(inherited)",
				);
				GCC_SYMBOLS_PRIVATE_EXTERN = NO;
				GCC_WARN_64_TO_32_BIT_CONVERSION = YES;
				GCC_WARN_ABOUT_RETURN_TYPE = YES_ERROR;
				GCC_WARN_UNDECLARED_SELECTOR = YES;
				GCC_WARN_UNINITIALIZED_AUTOS = YES_AGGRESSIVE;
				GCC_WARN_UNUSED_FUNCTION = YES;
				GCC_WARN_UNUSED_VARIABLE = YES;
				IPHONEOS_DEPLOYMENT_TARGET = 8.1;
				MTL_ENABLE_DEBUG_INFO = YES;
				ONLY_ACTIVE_ARCH = YES;
				SDKROOT = iphoneos;
				TARGETED_DEVICE_FAMILY = "1,2";
			};
			name = Debug;
		};
		9F049E6F1A1406020083A6D1 /* Release */ = {
			isa = XCBuildConfiguration;
			buildSettings = {
				ALWAYS_SEARCH_USER_PATHS = NO;
				CLANG_CXX_LANGUAGE_STANDARD = "gnu++0x";
				CLANG_CXX_LIBRARY = "libc++";
				CLANG_ENABLE_MODULES = YES;
				CLANG_ENABLE_OBJC_ARC = YES;
				CLANG_WARN_BOOL_CONVERSION = YES;
				CLANG_WARN_CONSTANT_CONVERSION = YES;
				CLANG_WARN_DIRECT_OBJC_ISA_USAGE = YES_ERROR;
				CLANG_WARN_EMPTY_BODY = YES;
				CLANG_WARN_ENUM_CONVERSION = YES;
				CLANG_WARN_INT_CONVERSION = YES;
				CLANG_WARN_OBJC_ROOT_CLASS = YES_ERROR;
				CLANG_WARN_UNREACHABLE_CODE = YES;
				CLANG_WARN__DUPLICATE_METHOD_MATCH = YES;
				"CODE_SIGN_IDENTITY[sdk=iphoneos*]" = "iPhone Developer";
				COPY_PHASE_STRIP = YES;
				ENABLE_NS_ASSERTIONS = NO;
				ENABLE_STRICT_OBJC_MSGSEND = YES;
				GCC_C_LANGUAGE_STANDARD = gnu99;
				GCC_WARN_64_TO_32_BIT_CONVERSION = YES;
				GCC_WARN_ABOUT_RETURN_TYPE = YES_ERROR;
				GCC_WARN_UNDECLARED_SELECTOR = YES;
				GCC_WARN_UNINITIALIZED_AUTOS = YES_AGGRESSIVE;
				GCC_WARN_UNUSED_FUNCTION = YES;
				GCC_WARN_UNUSED_VARIABLE = YES;
				IPHONEOS_DEPLOYMENT_TARGET = 8.1;
				MTL_ENABLE_DEBUG_INFO = NO;
				SDKROOT = iphoneos;
				TARGETED_DEVICE_FAMILY = "1,2";
				VALIDATE_PRODUCT = YES;
			};
			name = Release;
		};
		9F049E711A1406020083A6D1 /* Debug */ = {
			isa = XCBuildConfiguration;
			buildSettings = {
				ASSETCATALOG_COMPILER_APPICON_NAME = AppIcon;
				INFOPLIST_FILE = ADBarButtonFactory/Info.plist;
				LD_RUNPATH_SEARCH_PATHS = "$(inherited) @executable_path/Frameworks";
				PRODUCT_NAME = "$(TARGET_NAME)";
			};
			name = Debug;
		};
		9F049E721A1406020083A6D1 /* Release */ = {
			isa = XCBuildConfiguration;
			buildSettings = {
				ASSETCATALOG_COMPILER_APPICON_NAME = AppIcon;
				INFOPLIST_FILE = ADBarButtonFactory/Info.plist;
				LD_RUNPATH_SEARCH_PATHS = "$(inherited) @executable_path/Frameworks";
				PRODUCT_NAME = "$(TARGET_NAME)";
			};
			name = Release;
		};
		9F049E741A1406020083A6D1 /* Debug */ = {
			isa = XCBuildConfiguration;
			buildSettings = {
				BUNDLE_LOADER = "$(TEST_HOST)";
				FRAMEWORK_SEARCH_PATHS = (
					"$(SDKROOT)/Developer/Library/Frameworks",
					"$(inherited)",
				);
				GCC_PREPROCESSOR_DEFINITIONS = (
					"DEBUG=1",
					"$(inherited)",
				);
				INFOPLIST_FILE = ADBarButtonFactoryTests/Info.plist;
				LD_RUNPATH_SEARCH_PATHS = "$(inherited) @executable_path/Frameworks @loader_path/Frameworks";
				PRODUCT_NAME = "$(TARGET_NAME)";
				TEST_HOST = "$(BUILT_PRODUCTS_DIR)/ADBarButtonFactory.app/ADBarButtonFactory";
			};
			name = Debug;
		};
		9F049E751A1406020083A6D1 /* Release */ = {
			isa = XCBuildConfiguration;
			buildSettings = {
				BUNDLE_LOADER = "$(TEST_HOST)";
				FRAMEWORK_SEARCH_PATHS = (
					"$(SDKROOT)/Developer/Library/Frameworks",
					"$(inherited)",
				);
				INFOPLIST_FILE = ADBarButtonFactoryTests/Info.plist;
				LD_RUNPATH_SEARCH_PATHS = "$(inherited) @executable_path/Frameworks @loader_path/Frameworks";
				PRODUCT_NAME = "$(TARGET_NAME)";
				TEST_HOST = "$(BUILT_PRODUCTS_DIR)/ADBarButtonFactory.app/ADBarButtonFactory";
			};
			name = Release;
		};
/* End XCBuildConfiguration section */

/* Begin XCConfigurationList section */
		9F049E481A1406020083A6D1 /* Build configuration list for PBXProject "ADBarButtonFactory" */ = {
			isa = XCConfigurationList;
			buildConfigurations = (
				9F049E6E1A1406020083A6D1 /* Debug */,
				9F049E6F1A1406020083A6D1 /* Release */,
			);
			defaultConfigurationIsVisible = 0;
			defaultConfigurationName = Release;
		};
		9F049E701A1406020083A6D1 /* Build configuration list for PBXNativeTarget "ADBarButtonFactory" */ = {
			isa = XCConfigurationList;
			buildConfigurations = (
				9F049E711A1406020083A6D1 /* Debug */,
				9F049E721A1406020083A6D1 /* Release */,
			);
			defaultConfigurationIsVisible = 0;
		};
		9F049E731A1406020083A6D1 /* Build configuration list for PBXNativeTarget "ADBarButtonFactoryTests" */ = {
			isa = XCConfigurationList;
			buildConfigurations = (
				9F049E741A1406020083A6D1 /* Debug */,
				9F049E751A1406020083A6D1 /* Release */,
			);
			defaultConfigurationIsVisible = 0;
		};
/* End XCConfigurationList section */
	};
	rootObject = 9F049E451A1406020083A6D1 /* Project object */;
}
